
Microsoft Visual Studio Solution File, Format Version 12.00
# Visual Studio Version 17
VisualStudioVersion = 17.5.33414.496
MinimumVisualStudioVersion = 10.0.40219.1
Project("{FAE04EC0-301F-11D3-BF4B-00C04F79EFBC}") = "5apreltask", "5apreltask\5apreltask.csproj", "{D2517AC0-E93E-4B4E-9380-804256D08A50}"
EndProject
Global
	GlobalSection(SolutionConfigurationPlatforms) = preSolution
		Debug|Any CPU = Debug|Any CPU
		Release|Any CPU = Release|Any CPU
	EndGlobalSection
	GlobalSection(ProjectConfigurationPlatforms) = postSolution
		{D2517AC0-E93E-4B4E-9380-804256D08A50}.Debug|Any CPU.ActiveCfg = Debug|Any CPU
		{D2517AC0-E93E-4B4E-9380-804256D08A50}.Debug|Any CPU.Build.0 = Debug|Any CPU
		{D2517AC0-E93E-4B4E-9380-804256D08A50}.Release|Any CPU.ActiveCfg = Release|Any CPU
		{D2517AC0-E93E-4B4E-9380-804256D08A50}.Release|Any CPU.Build.0 = Release|Any CPU
	EndGlobalSection
	GlobalSection(SolutionProperties) = preSolution
		HideSolutionNode = FALSE
	EndGlobalSection
	GlobalSection(ExtensibilityGlobals) = postSolution
		SolutionGuid = {33FCBD5D-A298-46D5-B976-8C1E9C61126F}
	EndGlobalSection
EndGlobal
